<?xml version="1.0" encoding="utf-8"?>
<Project ToolsVersion="4.0" xmlns="http://schemas.microsoft.com/developer/msbuild/2003">
  <ItemGroup>
    <Filter Include="Source Files">
      <UniqueIdentifier>{4FC737F1-C7A5-4376-A066-2A32D752A2FF}</UniqueIdentifier>
      <Extensions>cpp;c;cc;cxx;c++;cppm;ixx;def;odl;idl;hpj;bat;asm;asmx</Extensions>
    </Filter>
    <Filter Include="Header Files">
      <UniqueIdentifier>{93995380-89BD-4b04-88EB-625FBE52EBFB}</UniqueIdentifier>
      <Extensions>h;hh;hpp;hxx;h++;hm;inl;inc;ipp;xsd</Extensions>
    </Filter>
    <Filter Include="Resource Files">
      <UniqueIdentifier>{67DA6AB6-F800-4c08-8B7A-83BB121AAD01}</UniqueIdentifier>
      <Extensions>rc;ico;cur;bmp;dlg;rc2;rct;bin;rgs;gif;jpg;jpeg;jpe;resx;tiff;tif;png;wav;mfcribbon-ms</Extensions>
    </Filter>
    <Filter Include="Header Files\Items">
      <UniqueIdentifier>{fe9b29a4-beb2-41a7-9115-55dde00670b3}</UniqueIdentifier>
    </Filter>
    <Filter Include="Header Files\SingleList">
      <UniqueIdentifier>{7cb75db1-a7aa-46e1-b036-59e2866fd11d}</UniqueIdentifier>
    </Filter>
    <Filter Include="Header Files\DoubleList">
      <UniqueIdentifier>{647d064e-95a6-4bd6-9cc3-9e8781f5382d}</UniqueIdentifier>
    </Filter>
    <Filter Include="Header Files\Room">
      <UniqueIdentifier>{61a2a345-abcd-4f8b-80ab-d0489070575e}</UniqueIdentifier>
    </Filter>
    <Filter Include="Header Files\Obstacle">
      <UniqueIdentifier>{16dc2726-48b0-4f8c-b8d4-b331510e2404}</UniqueIdentifier>
    </Filter>
    <Filter Include="Header Files\Character">
      <UniqueIdentifier>{3879cb20-1be9-4598-afcd-9287c144daf1}</UniqueIdentifier>
    </Filter>
    <Filter Include="Header Files\Tree">
      <UniqueIdentifier>{7185c144-a374-4af8-80d9-62fecfc31cf9}</UniqueIdentifier>
    </Filter>
    <Filter Include="Header Files\Queue">
      <UniqueIdentifier>{cc73a9e6-2323-491f-ae79-70e2adbda0e1}</UniqueIdentifier>
    </Filter>
    <Filter Include="Source Files\Obstacle">
      <UniqueIdentifier>{6ea6857b-8b6c-4d5d-889e-1c0757c2998f}</UniqueIdentifier>
    </Filter>
    <Filter Include="Source Files\Character">
      <UniqueIdentifier>{2b3ed5b3-42c2-4ce9-9dc7-e7a9e35201fc}</UniqueIdentifier>
    </Filter>
    <Filter Include="Header Files\Stack">
      <UniqueIdentifier>{23120735-d632-420e-bfe4-cbca433bf3a1}</UniqueIdentifier>
    </Filter>
    <Filter Include="Header Files\SkillTree">
      <UniqueIdentifier>{26f7536e-0afd-4bd3-b44d-baad2da84e55}</UniqueIdentifier>
    </Filter>
  </ItemGroup>
  <ItemGroup>
    <ClCompile Include="main.cpp">
      <Filter>Source Files</Filter>
    </ClCompile>
    <ClCompile Include="Room.cpp">
      <Filter>Source Files</Filter>
    </ClCompile>
    <ClCompile Include="GameEngine.cpp">
      <Filter>Source Files</Filter>
    </ClCompile>
    <ClCompile Include="GameStateManager.cpp">
      <Filter>Source Files</Filter>
    </ClCompile>
    <ClCompile Include="KillObstacle.cpp">
      <Filter>Source Files\Obstacle</Filter>
    </ClCompile>
    <ClCompile Include="MovingObstacle.cpp">
      <Filter>Source Files\Obstacle</Filter>
    </ClCompile>
    <ClCompile Include="NormalObstacle.cpp">
      <Filter>Source Files\Obstacle</Filter>
    </ClCompile>
    <ClCompile Include="Obstacle.cpp">
      <Filter>Source Files\Obstacle</Filter>
    </ClCompile>
    <ClCompile Include="Player.cpp">
      <Filter>Source Files\Character</Filter>
    </ClCompile>
    <ClCompile Include="Undead.cpp">
      <Filter>Source Files\Character</Filter>
    </ClCompile>
    <ClCompile Include="Character.cpp">
      <Filter>Source Files\Character</Filter>
    </ClCompile>
    <ClCompile Include="ItemVisitor.cpp">
      <Filter>Source Files</Filter>
    </ClCompile>
    <ClCompile Include="LazerGun.cpp">
      <Filter>Source Files</Filter>
    </ClCompile>
    <ClCompile Include="ItemObstacle.cpp">
      <Filter>Source Files\Obstacle</Filter>
    </ClCompile>
    <ClCompile Include="Juggernaut.cpp">
      <Filter>Source Files\Character</Filter>
    </ClCompile>
    <ClCompile Include="HealingObstacle.cpp">
      <Filter>Source Files\Obstacle</Filter>
    </ClCompile>
    <ClCompile Include="SkillTree.cpp">
      <Filter>Source Files</Filter>
    </ClCompile>
    <ClCompile Include="TimeWinder.cpp">
      <Filter>Source Files</Filter>
    </ClCompile>
  </ItemGroup>
  <ItemGroup>
    <ClInclude Include="GameEngine.h">
      <Filter>Header Files</Filter>
    </ClInclude>
    <ClInclude Include="Item.h">
      <Filter>Header Files\Items</Filter>
    </ClInclude>
    <ClInclude Include="LazerGun.h">
      <Filter>Header Files\Items</Filter>
    </ClInclude>
    <ClInclude Include="TimeWinder.h">
      <Filter>Header Files\Items</Filter>
    </ClInclude>
    <ClInclude Include="Inventory.h">
      <Filter>Header Files</Filter>
    </ClInclude>
    <ClInclude Include="Node.h">
      <Filter>Header Files\SingleList</Filter>
    </ClInclude>
    <ClInclude Include="NodeIterator.h">
      <Filter>Header Files\SingleList</Filter>
    </ClInclude>
    <ClInclude Include="DoublyLinkedNodeIterator.h">
      <Filter>Header Files\DoubleList</Filter>
    </ClInclude>
    <ClInclude Include="List.h">
      <Filter>Header Files\DoubleList</Filter>
    </ClInclude>
    <ClInclude Include="DoublyLinkedNode.h">
      <Filter>Header Files\DoubleList</Filter>
    </ClInclude>
    <ClInclude Include="Room.h">
      <Filter>Header Files\Room</Filter>
    </ClInclude>
    <ClInclude Include="MovingObstacle.h">
      <Filter>Header Files\Obstacle</Filter>
    </ClInclude>
    <ClInclude Include="NormalObstacle.h">
      <Filter>Header Files\Obstacle</Filter>
    </ClInclude>
    <ClInclude Include="Obstacle.h">
      <Filter>Header Files\Obstacle</Filter>
    </ClInclude>
    <ClInclude Include="Character.h">
      <Filter>Header Files\Character</Filter>
    </ClInclude>
    <ClInclude Include="Player.h">
      <Filter>Header Files\Character</Filter>
    </ClInclude>
    <ClInclude Include="SinglyLinkedList.h">
      <Filter>Header Files\SingleList</Filter>
    </ClInclude>
    <ClInclude Include="Projectile.h">
      <Filter>Header Files\Items</Filter>
    </ClInclude>
    <ClInclude Include="Tree.h">
      <Filter>Header Files\Tree</Filter>
    </ClInclude>
    <ClInclude Include="Queue.h">
      <Filter>Header Files\Queue</Filter>
    </ClInclude>
    <ClInclude Include="KillObstacle.h">
      <Filter>Header Files\Obstacle</Filter>
    </ClInclude>
    <ClInclude Include="GameStateManager.h">
      <Filter>Header Files</Filter>
    </ClInclude>
    <ClInclude Include="Undead.h">
      <Filter>Header Files\Character</Filter>
    </ClInclude>
    <ClInclude Include="ItemVisitor.h">
      <Filter>Header Files\Items</Filter>
    </ClInclude>
    <ClInclude Include="ItemObstacle.h">
      <Filter>Header Files\Obstacle</Filter>
    </ClInclude>
    <ClInclude Include="LifeTotem.h">
      <Filter>Header Files\Items</Filter>
    </ClInclude>
    <ClInclude Include="Stack.h">
      <Filter>Header Files\Stack</Filter>
    </ClInclude>
    <ClInclude Include="Juggernaut.h">
      <Filter>Header Files\Character</Filter>
    </ClInclude>
    <ClInclude Include="HealingObstacle.h">
      <Filter>Header Files\Obstacle</Filter>
    </ClInclude>
    <ClInclude Include="SkillNode.h">
      <Filter>Header Files\SkillTree</Filter>
    </ClInclude>
    <ClInclude Include="SkillTree.h">
      <Filter>Header Files\SkillTree</Filter>
    </ClInclude>
  </ItemGroup>
  <ItemGroup>
    <Font Include="Arial.ttf">
      <Filter>Resource Files</Filter>
    </Font>
  </ItemGroup>
  <ItemGroup>
    <Image Include="mask.png">
      <Filter>Resource Files</Filter>
    </Image>
    <Image Include="room-1.png">
      <Filter>Resource Files</Filter>
    </Image>
    <Image Include="lazergun.png">
      <Filter>Resource Files</Filter>
    </Image>
    <Image Include="lifetotem.png">
      <Filter>Resource Files</Filter>
    </Image>
    <Image Include="timewinder.png">
      <Filter>Resource Files</Filter>
    </Image>
    <Image Include="brick.png">
      <Filter>Resource Files</Filter>
    </Image>
    <Image Include="player.png">
      <Filter>Resource Files</Filter>
    </Image>
    <Image Include="undead.png">
      <Filter>Resource Files</Filter>
    </Image>
    <Image Include="boss.png">
      <Filter>Resource Files</Filter>
    </Image>
  </ItemGroup>
  <ItemGroup>
    <Media Include="scream.mp3">
      <Filter>Resource Files</Filter>
    </Media>
    <Media Include="boss1.mp3">
      <Filter>Resource Files</Filter>
    </Media>
    <Media Include="freebird.mp3">
      <Filter>Resource Files</Filter>
    </Media>
    <Media Include="chariot.mp3">
      <Filter>Resource Files</Filter>
    </Media>
  </ItemGroup>
</Project>